// !$*UTF8*$!
{
	archiveVersion = 1;
	classes = {
	};
	objectVersion = 55;
	objects = {

/* Begin PBXBuildFile section */
		B33DFD23291A678800AC7403 /* DBSupplay+CoreDataClass.swift in Sources */ = {isa = PBXBuildFile; fileRef = B33DFD1F291A678800AC7403 /* DBSupplay+CoreDataClass.swift */; };
		B33DFD24291A678800AC7403 /* DBSupplay+CoreDataProperties.swift in Sources */ = {isa = PBXBuildFile; fileRef = B33DFD20291A678800AC7403 /* DBSupplay+CoreDataProperties.swift */; };
		B33DFD25291A678800AC7403 /* DBGroceryListModel+CoreDataProperties.swift in Sources */ = {isa = PBXBuildFile; fileRef = B33DFD21291A678800AC7403 /* DBGroceryListModel+CoreDataProperties.swift */; };
		B33DFD26291A678800AC7403 /* DBGroceryListModel+CoreDataClass.swift in Sources */ = {isa = PBXBuildFile; fileRef = B33DFD22291A678800AC7403 /* DBGroceryListModel+CoreDataClass.swift */; };
		B33EFF0F290FF02800AD9BEE /* AppDelegate.swift in Sources */ = {isa = PBXBuildFile; fileRef = B33EFF0E290FF02800AD9BEE /* AppDelegate.swift */; };
		B33EFF11290FF02800AD9BEE /* SceneDelegate.swift in Sources */ = {isa = PBXBuildFile; fileRef = B33EFF10290FF02800AD9BEE /* SceneDelegate.swift */; };
		B33EFF18290FF02900AD9BEE /* Assets.xcassets in Resources */ = {isa = PBXBuildFile; fileRef = B33EFF17290FF02900AD9BEE /* Assets.xcassets */; };
		B33EFF1B290FF02900AD9BEE /* LaunchScreen.storyboard in Resources */ = {isa = PBXBuildFile; fileRef = B33EFF19290FF02900AD9BEE /* LaunchScreen.storyboard */; };
		B36AF9392913C5DC00944E9D /* MainScreenViewController.swift in Sources */ = {isa = PBXBuildFile; fileRef = B36AF9382913C5DC00944E9D /* MainScreenViewController.swift */; };
		B36AF93B2913C66000944E9D /* MainScreenViewModel.swift in Sources */ = {isa = PBXBuildFile; fileRef = B36AF93A2913C66000944E9D /* MainScreenViewModel.swift */; };
		B36AF93D2913CEE900944E9D /* SF Pro Display Bold.otf in Resources */ = {isa = PBXBuildFile; fileRef = B36AF93C2913CEE900944E9D /* SF Pro Display Bold.otf */; };
		B36AF93F2913D1AE00944E9D /* SegmentControlExtension.swift in Sources */ = {isa = PBXBuildFile; fileRef = B36AF93E2913D1AE00944E9D /* SegmentControlExtension.swift */; };
		B36AF9412913D37300944E9D /* CustomSegmentControl.swift in Sources */ = {isa = PBXBuildFile; fileRef = B36AF9402913D37300944E9D /* CustomSegmentControl.swift */; };
		B36AF9432913D39400944E9D /* UIImageExtension.swift in Sources */ = {isa = PBXBuildFile; fileRef = B36AF9422913D39400944E9D /* UIImageExtension.swift */; };
		B36AF9452913DEC700944E9D /* GroceryListsCollectionViewCell.swift in Sources */ = {isa = PBXBuildFile; fileRef = B36AF9442913DEC700944E9D /* GroceryListsCollectionViewCell.swift */; };
		B36AF9472913E94100944E9D /* SF Pro Display Regular.otf in Resources */ = {isa = PBXBuildFile; fileRef = B36AF9462913E94100944E9D /* SF Pro Display Regular.otf */; };
		B36AF94A2913FA8000944E9D /* IntrinsicCollectionView.swift in Sources */ = {isa = PBXBuildFile; fileRef = B36AF9492913FA8000944E9D /* IntrinsicCollectionView.swift */; };
		B36AF94D2913FAD000944E9D /* GroceryCollectionViewHeader.swift in Sources */ = {isa = PBXBuildFile; fileRef = B36AF94C2913FAD000944E9D /* GroceryCollectionViewHeader.swift */; };
		B36AF94F2914DB5E00944E9D /* ColorManager.swift in Sources */ = {isa = PBXBuildFile; fileRef = B36AF94E2914DB5E00944E9D /* ColorManager.swift */; };
		B36AF9532915403600944E9D /* EmptyColoredCell.swift in Sources */ = {isa = PBXBuildFile; fileRef = B36AF9522915403600944E9D /* EmptyColoredCell.swift */; };
		B36AF9552915410400944E9D /* InstructionCell.swift in Sources */ = {isa = PBXBuildFile; fileRef = B36AF9542915410400944E9D /* InstructionCell.swift */; };
		B36AF957291554EC00944E9D /* ColdStartDataSource.swift in Sources */ = {isa = PBXBuildFile; fileRef = B36AF956291554EC00944E9D /* ColdStartDataSource.swift */; };
		B36AF95C2915556700944E9D /* GroseryListModels.swift in Sources */ = {isa = PBXBuildFile; fileRef = B36AF95B2915556700944E9D /* GroseryListModels.swift */; };
		B36C75EE2911266800709721 /* Localizable.strings in Resources */ = {isa = PBXBuildFile; fileRef = B36C75F02911266800709721 /* Localizable.strings */; };
		B36D18D9291A1960005EE32D /* DataBase.xcdatamodeld in Sources */ = {isa = PBXBuildFile; fileRef = B36D18D7291A1960005EE32D /* DataBase.xcdatamodeld */; };
		B36D18EB291A2CCD005EE32D /* CoreDataStorage.swift in Sources */ = {isa = PBXBuildFile; fileRef = B36D18EA291A2CCD005EE32D /* CoreDataStorage.swift */; };
		B36D18ED291A2CF4005EE32D /* CoreDataManager.swift in Sources */ = {isa = PBXBuildFile; fileRef = B36D18EC291A2CF4005EE32D /* CoreDataManager.swift */; };
		B37A2CD92910EE93003C01AD /* NavigationInterface.swift in Sources */ = {isa = PBXBuildFile; fileRef = B37A2CD62910EE93003C01AD /* NavigationInterface.swift */; };
		B37A2CDA2910EE93003C01AD /* RootRouter.swift in Sources */ = {isa = PBXBuildFile; fileRef = B37A2CD72910EE93003C01AD /* RootRouter.swift */; };
		B37A2CDB2910EE93003C01AD /* ViewControllerFactory.swift in Sources */ = {isa = PBXBuildFile; fileRef = B37A2CD82910EE93003C01AD /* ViewControllerFactory.swift */; };
		B37A2CDF29110290003C01AD /* OnboardingViewController.swift in Sources */ = {isa = PBXBuildFile; fileRef = B37A2CDE29110290003C01AD /* OnboardingViewController.swift */; };
		B37A2CE72911034D003C01AD /* UIColorExtension.swift in Sources */ = {isa = PBXBuildFile; fileRef = B37A2CE12911034D003C01AD /* UIColorExtension.swift */; };
		B37A2CE82911034D003C01AD /* UITextFieldExtension.swift in Sources */ = {isa = PBXBuildFile; fileRef = B37A2CE22911034D003C01AD /* UITextFieldExtension.swift */; };
		B37A2CE92911034D003C01AD /* UIViewControllerExtension.swift in Sources */ = {isa = PBXBuildFile; fileRef = B37A2CE32911034D003C01AD /* UIViewControllerExtension.swift */; };
		B37A2CEA2911034D003C01AD /* UIViewExtension.swift in Sources */ = {isa = PBXBuildFile; fileRef = B37A2CE42911034D003C01AD /* UIViewExtension.swift */; };
		B37A2CEB2911034D003C01AD /* StringExtension.swift in Sources */ = {isa = PBXBuildFile; fileRef = B37A2CE52911034D003C01AD /* StringExtension.swift */; };
		B37A2CEC2911034D003C01AD /* DateExtension.swift in Sources */ = {isa = PBXBuildFile; fileRef = B37A2CE62911034D003C01AD /* DateExtension.swift */; };
		B37A2CEE29110435003C01AD /* UIFontExtension.swift in Sources */ = {isa = PBXBuildFile; fileRef = B37A2CED29110435003C01AD /* UIFontExtension.swift */; };
		B37A2CF429111C41003C01AD /* SF Pro Display Heavy.otf in Resources */ = {isa = PBXBuildFile; fileRef = B37A2CF329111C41003C01AD /* SF Pro Display Heavy.otf */; };
		B37A2CF6291125CA003C01AD /* SF Pro Display Medium.otf in Resources */ = {isa = PBXBuildFile; fileRef = B37A2CF5291125CA003C01AD /* SF Pro Display Medium.otf */; };
		B3C3FA4729115AA20011EC0A /* OnboardingContentView.swift in Sources */ = {isa = PBXBuildFile; fileRef = B3C3FA4629115AA20011EC0A /* OnboardingContentView.swift */; };
		B3C3FA4929115F510011EC0A /* SF Pro Display Semibold.otf in Resources */ = {isa = PBXBuildFile; fileRef = B3C3FA4829115F510011EC0A /* SF Pro Display Semibold.otf */; };
		B3C3FA4B291161D80011EC0A /* FirstOnboardingView.swift in Sources */ = {isa = PBXBuildFile; fileRef = B3C3FA4A291161D80011EC0A /* FirstOnboardingView.swift */; };
		B3C3FA4F291175390011EC0A /* UIImageViewExtension.swift in Sources */ = {isa = PBXBuildFile; fileRef = B3C3FA4E291175390011EC0A /* UIImageViewExtension.swift */; };
		B3C3FA51291261870011EC0A /* UIScreenExtension.swift in Sources */ = {isa = PBXBuildFile; fileRef = B3C3FA50291261870011EC0A /* UIScreenExtension.swift */; };
		EF84F46FAFBAF3BBEEB5E7C0 /* Pods_GroceryList.framework in Frameworks */ = {isa = PBXBuildFile; fileRef = 025222570B015E69FF5973D3 /* Pods_GroceryList.framework */; };
/* End PBXBuildFile section */

/* Begin PBXFileReference section */
		025222570B015E69FF5973D3 /* Pods_GroceryList.framework */ = {isa = PBXFileReference; explicitFileType = wrapper.framework; includeInIndex = 0; path = Pods_GroceryList.framework; sourceTree = BUILT_PRODUCTS_DIR; };
		262EB22BC930A385DC81E51C /* Pods-GroceryList.release.xcconfig */ = {isa = PBXFileReference; includeInIndex = 1; lastKnownFileType = text.xcconfig; name = "Pods-GroceryList.release.xcconfig"; path = "Target Support Files/Pods-GroceryList/Pods-GroceryList.release.xcconfig"; sourceTree = "<group>"; };
		B33DFD1F291A678800AC7403 /* DBSupplay+CoreDataClass.swift */ = {isa = PBXFileReference; fileEncoding = 4; lastKnownFileType = sourcecode.swift; path = "DBSupplay+CoreDataClass.swift"; sourceTree = "<group>"; };
		B33DFD20291A678800AC7403 /* DBSupplay+CoreDataProperties.swift */ = {isa = PBXFileReference; fileEncoding = 4; lastKnownFileType = sourcecode.swift; path = "DBSupplay+CoreDataProperties.swift"; sourceTree = "<group>"; };
		B33DFD21291A678800AC7403 /* DBGroceryListModel+CoreDataProperties.swift */ = {isa = PBXFileReference; fileEncoding = 4; lastKnownFileType = sourcecode.swift; path = "DBGroceryListModel+CoreDataProperties.swift"; sourceTree = "<group>"; };
		B33DFD22291A678800AC7403 /* DBGroceryListModel+CoreDataClass.swift */ = {isa = PBXFileReference; fileEncoding = 4; lastKnownFileType = sourcecode.swift; path = "DBGroceryListModel+CoreDataClass.swift"; sourceTree = "<group>"; };
		B33EFF0B290FF02800AD9BEE /* GroceryList.app */ = {isa = PBXFileReference; explicitFileType = wrapper.application; includeInIndex = 0; path = GroceryList.app; sourceTree = BUILT_PRODUCTS_DIR; };
		B33EFF0E290FF02800AD9BEE /* AppDelegate.swift */ = {isa = PBXFileReference; lastKnownFileType = sourcecode.swift; path = AppDelegate.swift; sourceTree = "<group>"; };
		B33EFF10290FF02800AD9BEE /* SceneDelegate.swift */ = {isa = PBXFileReference; lastKnownFileType = sourcecode.swift; path = SceneDelegate.swift; sourceTree = "<group>"; };
		B33EFF17290FF02900AD9BEE /* Assets.xcassets */ = {isa = PBXFileReference; lastKnownFileType = folder.assetcatalog; path = Assets.xcassets; sourceTree = "<group>"; };
		B33EFF1A290FF02900AD9BEE /* Base */ = {isa = PBXFileReference; lastKnownFileType = file.storyboard; name = Base; path = Base.lproj/LaunchScreen.storyboard; sourceTree = "<group>"; };
		B33EFF1C290FF02900AD9BEE /* Info.plist */ = {isa = PBXFileReference; lastKnownFileType = text.plist.xml; path = Info.plist; sourceTree = "<group>"; };
		B36AF9382913C5DC00944E9D /* MainScreenViewController.swift */ = {isa = PBXFileReference; lastKnownFileType = sourcecode.swift; path = MainScreenViewController.swift; sourceTree = "<group>"; };
		B36AF93A2913C66000944E9D /* MainScreenViewModel.swift */ = {isa = PBXFileReference; lastKnownFileType = sourcecode.swift; path = MainScreenViewModel.swift; sourceTree = "<group>"; };
		B36AF93C2913CEE900944E9D /* SF Pro Display Bold.otf */ = {isa = PBXFileReference; lastKnownFileType = file; path = "SF Pro Display Bold.otf"; sourceTree = "<group>"; };
		B36AF93E2913D1AE00944E9D /* SegmentControlExtension.swift */ = {isa = PBXFileReference; lastKnownFileType = sourcecode.swift; path = SegmentControlExtension.swift; sourceTree = "<group>"; };
		B36AF9402913D37300944E9D /* CustomSegmentControl.swift */ = {isa = PBXFileReference; lastKnownFileType = sourcecode.swift; path = CustomSegmentControl.swift; sourceTree = "<group>"; };
		B36AF9422913D39400944E9D /* UIImageExtension.swift */ = {isa = PBXFileReference; lastKnownFileType = sourcecode.swift; path = UIImageExtension.swift; sourceTree = "<group>"; };
		B36AF9442913DEC700944E9D /* GroceryListsCollectionViewCell.swift */ = {isa = PBXFileReference; lastKnownFileType = sourcecode.swift; path = GroceryListsCollectionViewCell.swift; sourceTree = "<group>"; };
		B36AF9462913E94100944E9D /* SF Pro Display Regular.otf */ = {isa = PBXFileReference; lastKnownFileType = file; path = "SF Pro Display Regular.otf"; sourceTree = "<group>"; };
		B36AF9492913FA8000944E9D /* IntrinsicCollectionView.swift */ = {isa = PBXFileReference; lastKnownFileType = sourcecode.swift; path = IntrinsicCollectionView.swift; sourceTree = "<group>"; };
		B36AF94C2913FAD000944E9D /* GroceryCollectionViewHeader.swift */ = {isa = PBXFileReference; lastKnownFileType = sourcecode.swift; path = GroceryCollectionViewHeader.swift; sourceTree = "<group>"; };
		B36AF94E2914DB5E00944E9D /* ColorManager.swift */ = {isa = PBXFileReference; lastKnownFileType = sourcecode.swift; path = ColorManager.swift; sourceTree = "<group>"; };
		B36AF9522915403600944E9D /* EmptyColoredCell.swift */ = {isa = PBXFileReference; lastKnownFileType = sourcecode.swift; path = EmptyColoredCell.swift; sourceTree = "<group>"; };
		B36AF9542915410400944E9D /* InstructionCell.swift */ = {isa = PBXFileReference; lastKnownFileType = sourcecode.swift; path = InstructionCell.swift; sourceTree = "<group>"; };
		B36AF956291554EC00944E9D /* ColdStartDataSource.swift */ = {isa = PBXFileReference; lastKnownFileType = sourcecode.swift; path = ColdStartDataSource.swift; sourceTree = "<group>"; };
		B36AF95B2915556700944E9D /* GroseryListModels.swift */ = {isa = PBXFileReference; lastKnownFileType = sourcecode.swift; path = GroseryListModels.swift; sourceTree = "<group>"; };
		B36C75EF2911266800709721 /* en */ = {isa = PBXFileReference; lastKnownFileType = text.plist.strings; name = en; path = en.lproj/Localizable.strings; sourceTree = "<group>"; };
		B36C75F12911267600709721 /* ru */ = {isa = PBXFileReference; lastKnownFileType = text.plist.strings; name = ru; path = ru.lproj/Localizable.strings; sourceTree = "<group>"; };
		B36D18D8291A1960005EE32D /* DataBase.xcdatamodel */ = {isa = PBXFileReference; lastKnownFileType = wrapper.xcdatamodel; path = DataBase.xcdatamodel; sourceTree = "<group>"; };
		B36D18EA291A2CCD005EE32D /* CoreDataStorage.swift */ = {isa = PBXFileReference; lastKnownFileType = sourcecode.swift; path = CoreDataStorage.swift; sourceTree = "<group>"; };
		B36D18EC291A2CF4005EE32D /* CoreDataManager.swift */ = {isa = PBXFileReference; lastKnownFileType = sourcecode.swift; path = CoreDataManager.swift; sourceTree = "<group>"; };
		B37A2CD62910EE93003C01AD /* NavigationInterface.swift */ = {isa = PBXFileReference; fileEncoding = 4; lastKnownFileType = sourcecode.swift; path = NavigationInterface.swift; sourceTree = "<group>"; };
		B37A2CD72910EE93003C01AD /* RootRouter.swift */ = {isa = PBXFileReference; fileEncoding = 4; lastKnownFileType = sourcecode.swift; path = RootRouter.swift; sourceTree = "<group>"; };
		B37A2CD82910EE93003C01AD /* ViewControllerFactory.swift */ = {isa = PBXFileReference; fileEncoding = 4; lastKnownFileType = sourcecode.swift; path = ViewControllerFactory.swift; sourceTree = "<group>"; };
		B37A2CDE29110290003C01AD /* OnboardingViewController.swift */ = {isa = PBXFileReference; lastKnownFileType = sourcecode.swift; path = OnboardingViewController.swift; sourceTree = "<group>"; };
		B37A2CE12911034D003C01AD /* UIColorExtension.swift */ = {isa = PBXFileReference; fileEncoding = 4; lastKnownFileType = sourcecode.swift; path = UIColorExtension.swift; sourceTree = "<group>"; };
		B37A2CE22911034D003C01AD /* UITextFieldExtension.swift */ = {isa = PBXFileReference; fileEncoding = 4; lastKnownFileType = sourcecode.swift; path = UITextFieldExtension.swift; sourceTree = "<group>"; };
		B37A2CE32911034D003C01AD /* UIViewControllerExtension.swift */ = {isa = PBXFileReference; fileEncoding = 4; lastKnownFileType = sourcecode.swift; path = UIViewControllerExtension.swift; sourceTree = "<group>"; };
		B37A2CE42911034D003C01AD /* UIViewExtension.swift */ = {isa = PBXFileReference; fileEncoding = 4; lastKnownFileType = sourcecode.swift; path = UIViewExtension.swift; sourceTree = "<group>"; };
		B37A2CE52911034D003C01AD /* StringExtension.swift */ = {isa = PBXFileReference; fileEncoding = 4; lastKnownFileType = sourcecode.swift; path = StringExtension.swift; sourceTree = "<group>"; };
		B37A2CE62911034D003C01AD /* DateExtension.swift */ = {isa = PBXFileReference; fileEncoding = 4; lastKnownFileType = sourcecode.swift; path = DateExtension.swift; sourceTree = "<group>"; };
		B37A2CED29110435003C01AD /* UIFontExtension.swift */ = {isa = PBXFileReference; lastKnownFileType = sourcecode.swift; path = UIFontExtension.swift; sourceTree = "<group>"; };
		B37A2CF329111C41003C01AD /* SF Pro Display Heavy.otf */ = {isa = PBXFileReference; lastKnownFileType = file; path = "SF Pro Display Heavy.otf"; sourceTree = "<group>"; };
		B37A2CF5291125CA003C01AD /* SF Pro Display Medium.otf */ = {isa = PBXFileReference; lastKnownFileType = file; path = "SF Pro Display Medium.otf"; sourceTree = "<group>"; };
		B3C3FA4629115AA20011EC0A /* OnboardingContentView.swift */ = {isa = PBXFileReference; lastKnownFileType = sourcecode.swift; path = OnboardingContentView.swift; sourceTree = "<group>"; };
		B3C3FA4829115F510011EC0A /* SF Pro Display Semibold.otf */ = {isa = PBXFileReference; lastKnownFileType = file; path = "SF Pro Display Semibold.otf"; sourceTree = "<group>"; };
		B3C3FA4A291161D80011EC0A /* FirstOnboardingView.swift */ = {isa = PBXFileReference; lastKnownFileType = sourcecode.swift; path = FirstOnboardingView.swift; sourceTree = "<group>"; };
		B3C3FA4E291175390011EC0A /* UIImageViewExtension.swift */ = {isa = PBXFileReference; lastKnownFileType = sourcecode.swift; path = UIImageViewExtension.swift; sourceTree = "<group>"; };
		B3C3FA50291261870011EC0A /* UIScreenExtension.swift */ = {isa = PBXFileReference; lastKnownFileType = sourcecode.swift; path = UIScreenExtension.swift; sourceTree = "<group>"; };
		BA1E0A38753E53B699F8E323 /* Pods-GroceryList.debug.xcconfig */ = {isa = PBXFileReference; includeInIndex = 1; lastKnownFileType = text.xcconfig; name = "Pods-GroceryList.debug.xcconfig"; path = "Target Support Files/Pods-GroceryList/Pods-GroceryList.debug.xcconfig"; sourceTree = "<group>"; };
/* End PBXFileReference section */

/* Begin PBXFrameworksBuildPhase section */
		B33EFF08290FF02800AD9BEE /* Frameworks */ = {
			isa = PBXFrameworksBuildPhase;
			buildActionMask = 2147483647;
			files = (
				EF84F46FAFBAF3BBEEB5E7C0 /* Pods_GroceryList.framework in Frameworks */,
			);
			runOnlyForDeploymentPostprocessing = 0;
		};
/* End PBXFrameworksBuildPhase section */

/* Begin PBXGroup section */
		63F454BEA0A39B416C42036E /* Pods */ = {
			isa = PBXGroup;
			children = (
				BA1E0A38753E53B699F8E323 /* Pods-GroceryList.debug.xcconfig */,
				262EB22BC930A385DC81E51C /* Pods-GroceryList.release.xcconfig */,
			);
			path = Pods;
			sourceTree = "<group>";
		};
		9BCFA37A03FAA44487B60585 /* Frameworks */ = {
			isa = PBXGroup;
			children = (
				025222570B015E69FF5973D3 /* Pods_GroceryList.framework */,
			);
			name = Frameworks;
			sourceTree = "<group>";
		};
		B33DFD1E291A676400AC7403 /* CoreDataModels */ = {
			isa = PBXGroup;
			children = (
				B33DFD22291A678800AC7403 /* DBGroceryListModel+CoreDataClass.swift */,
				B33DFD21291A678800AC7403 /* DBGroceryListModel+CoreDataProperties.swift */,
				B33DFD1F291A678800AC7403 /* DBSupplay+CoreDataClass.swift */,
				B33DFD20291A678800AC7403 /* DBSupplay+CoreDataProperties.swift */,
			);
			path = CoreDataModels;
			sourceTree = "<group>";
		};
		B33EFF02290FF02800AD9BEE = {
			isa = PBXGroup;
			children = (
				B33EFF0D290FF02800AD9BEE /* GroceryList */,
				B33EFF0C290FF02800AD9BEE /* Products */,
				63F454BEA0A39B416C42036E /* Pods */,
				9BCFA37A03FAA44487B60585 /* Frameworks */,
			);
			sourceTree = "<group>";
		};
		B33EFF0C290FF02800AD9BEE /* Products */ = {
			isa = PBXGroup;
			children = (
				B33EFF0B290FF02800AD9BEE /* GroceryList.app */,
			);
			name = Products;
			sourceTree = "<group>";
		};
		B33EFF0D290FF02800AD9BEE /* GroceryList */ = {
			isa = PBXGroup;
			children = (
				B37A2CDC29110263003C01AD /* ViewControllers */,
				B37A2CD42910EE77003C01AD /* Services */,
				B37A0F4A29100CD900343FF1 /* Application */,
				B37A0F4B29100CEA00343FF1 /* SupportingFiles */,
			);
			path = GroceryList;
			sourceTree = "<group>";
		};
		B36AF9372913C58A00944E9D /* New Group */ = {
			isa = PBXGroup;
			children = (
				B36AF95A2915553C00944E9D /* Model */,
				B36AF9592915551E00944E9D /* ViewModel */,
				B36AF9582915550800944E9D /* View */,
				B36AF94B2913FABA00944E9D /* TableView */,
				B36AF9482913FA5B00944E9D /* CustomUiElements */,
			);
			path = "New Group";
			sourceTree = "<group>";
		};
		B36AF9482913FA5B00944E9D /* CustomUiElements */ = {
			isa = PBXGroup;
			children = (
				B36AF9402913D37300944E9D /* CustomSegmentControl.swift */,
				B36AF9492913FA8000944E9D /* IntrinsicCollectionView.swift */,
			);
			path = CustomUiElements;
			sourceTree = "<group>";
		};
		B36AF94B2913FABA00944E9D /* TableView */ = {
			isa = PBXGroup;
			children = (
				B36AF9442913DEC700944E9D /* GroceryListsCollectionViewCell.swift */,
				B36AF9522915403600944E9D /* EmptyColoredCell.swift */,
				B36AF9542915410400944E9D /* InstructionCell.swift */,
				B36AF94C2913FAD000944E9D /* GroceryCollectionViewHeader.swift */,
			);
			path = TableView;
			sourceTree = "<group>";
		};
		B36AF9582915550800944E9D /* View */ = {
			isa = PBXGroup;
			children = (
				B36AF9382913C5DC00944E9D /* MainScreenViewController.swift */,
			);
			path = View;
			sourceTree = "<group>";
		};
		B36AF9592915551E00944E9D /* ViewModel */ = {
			isa = PBXGroup;
			children = (
				B36AF93A2913C66000944E9D /* MainScreenViewModel.swift */,
				B36AF956291554EC00944E9D /* ColdStartDataSource.swift */,
			);
			path = ViewModel;
			sourceTree = "<group>";
		};
		B36AF95A2915553C00944E9D /* Model */ = {
			isa = PBXGroup;
			children = (
				B36D18D6291A1949005EE32D /* DataBase */,
				B36AF95B2915556700944E9D /* GroseryListModels.swift */,
			);
			path = Model;
			sourceTree = "<group>";
		};
		B36D18D6291A1949005EE32D /* DataBase */ = {
			isa = PBXGroup;
			children = (
				B33DFD1E291A676400AC7403 /* CoreDataModels */,
				B36D18EA291A2CCD005EE32D /* CoreDataStorage.swift */,
				B36D18EC291A2CF4005EE32D /* CoreDataManager.swift */,
				B36D18D7291A1960005EE32D /* DataBase.xcdatamodeld */,
			);
			path = DataBase;
			sourceTree = "<group>";
		};
		B37A0F4A29100CD900343FF1 /* Application */ = {
			isa = PBXGroup;
			children = (
				B33EFF0E290FF02800AD9BEE /* AppDelegate.swift */,
				B33EFF10290FF02800AD9BEE /* SceneDelegate.swift */,
			);
			path = Application;
			sourceTree = "<group>";
		};
		B37A0F4B29100CEA00343FF1 /* SupportingFiles */ = {
			isa = PBXGroup;
			children = (
				B37A2CF229111BFB003C01AD /* Fonts */,
				B37A2CE02911034D003C01AD /* Extensions */,
				B33EFF17290FF02900AD9BEE /* Assets.xcassets */,
				B33EFF19290FF02900AD9BEE /* LaunchScreen.storyboard */,
				B33EFF1C290FF02900AD9BEE /* Info.plist */,
				B36C75F02911266800709721 /* Localizable.strings */,
			);
			path = SupportingFiles;
			sourceTree = "<group>";
		};
		B37A2CD42910EE77003C01AD /* Services */ = {
			isa = PBXGroup;
			children = (
				B37A2CD52910EE84003C01AD /* Routing */,
				B36AF94E2914DB5E00944E9D /* ColorManager.swift */,
			);
			path = Services;
			sourceTree = "<group>";
		};
		B37A2CD52910EE84003C01AD /* Routing */ = {
			isa = PBXGroup;
			children = (
				B37A2CD62910EE93003C01AD /* NavigationInterface.swift */,
				B37A2CD72910EE93003C01AD /* RootRouter.swift */,
				B37A2CD82910EE93003C01AD /* ViewControllerFactory.swift */,
			);
			path = Routing;
			sourceTree = "<group>";
		};
		B37A2CDC29110263003C01AD /* ViewControllers */ = {
			isa = PBXGroup;
			children = (
				B37A2CDD2911027E003C01AD /* Onboarding */,
				B36AF9372913C58A00944E9D /* New Group */,
			);
			path = ViewControllers;
			sourceTree = "<group>";
		};
		B37A2CDD2911027E003C01AD /* Onboarding */ = {
			isa = PBXGroup;
			children = (
				B37A2CDE29110290003C01AD /* OnboardingViewController.swift */,
				B3C3FA4A291161D80011EC0A /* FirstOnboardingView.swift */,
				B3C3FA4629115AA20011EC0A /* OnboardingContentView.swift */,
			);
			path = Onboarding;
			sourceTree = "<group>";
		};
		B37A2CE02911034D003C01AD /* Extensions */ = {
			isa = PBXGroup;
			children = (
				B37A2CE12911034D003C01AD /* UIColorExtension.swift */,
				B37A2CE22911034D003C01AD /* UITextFieldExtension.swift */,
				B36AF93E2913D1AE00944E9D /* SegmentControlExtension.swift */,
				B37A2CE32911034D003C01AD /* UIViewControllerExtension.swift */,
				B37A2CE42911034D003C01AD /* UIViewExtension.swift */,
				B36AF9422913D39400944E9D /* UIImageExtension.swift */,
				B37A2CE52911034D003C01AD /* StringExtension.swift */,
				B37A2CE62911034D003C01AD /* DateExtension.swift */,
				B37A2CED29110435003C01AD /* UIFontExtension.swift */,
				B3C3FA4E291175390011EC0A /* UIImageViewExtension.swift */,
				B3C3FA50291261870011EC0A /* UIScreenExtension.swift */,
			);
			path = Extensions;
			sourceTree = "<group>";
		};
		B37A2CF229111BFB003C01AD /* Fonts */ = {
			isa = PBXGroup;
			children = (
				B36AF9462913E94100944E9D /* SF Pro Display Regular.otf */,
				B36AF93C2913CEE900944E9D /* SF Pro Display Bold.otf */,
				B3C3FA4829115F510011EC0A /* SF Pro Display Semibold.otf */,
				B37A2CF5291125CA003C01AD /* SF Pro Display Medium.otf */,
				B37A2CF329111C41003C01AD /* SF Pro Display Heavy.otf */,
			);
			path = Fonts;
			sourceTree = "<group>";
		};
/* End PBXGroup section */

/* Begin PBXNativeTarget section */
		B33EFF0A290FF02800AD9BEE /* GroceryList */ = {
			isa = PBXNativeTarget;
			buildConfigurationList = B33EFF1F290FF02900AD9BEE /* Build configuration list for PBXNativeTarget "GroceryList" */;
			buildPhases = (
				33F25A9A0204D8D97E00524C /* [CP] Check Pods Manifest.lock */,
				B33EFF07290FF02800AD9BEE /* Sources */,
				B33EFF08290FF02800AD9BEE /* Frameworks */,
				B33EFF09290FF02800AD9BEE /* Resources */,
				D16B002746908D53B9512E9C /* [CP] Embed Pods Frameworks */,
				B37A2CF12911062C003C01AD /* ShellScript */,
			);
			buildRules = (
			);
			dependencies = (
			);
			name = GroceryList;
			productName = GroceryList;
			productReference = B33EFF0B290FF02800AD9BEE /* GroceryList.app */;
			productType = "com.apple.product-type.application";
		};
/* End PBXNativeTarget section */

/* Begin PBXProject section */
		B33EFF03290FF02800AD9BEE /* Project object */ = {
			isa = PBXProject;
			attributes = {
				BuildIndependentTargetsInParallel = 1;
				LastSwiftUpdateCheck = 1320;
				LastUpgradeCheck = 1320;
				TargetAttributes = {
					B33EFF0A290FF02800AD9BEE = {
						CreatedOnToolsVersion = 13.2.1;
					};
				};
			};
			buildConfigurationList = B33EFF06290FF02800AD9BEE /* Build configuration list for PBXProject "GroceryList" */;
			compatibilityVersion = "Xcode 13.0";
			developmentRegion = en;
			hasScannedForEncodings = 0;
			knownRegions = (
				en,
				Base,
				ru,
			);
			mainGroup = B33EFF02290FF02800AD9BEE;
			productRefGroup = B33EFF0C290FF02800AD9BEE /* Products */;
			projectDirPath = "";
			projectRoot = "";
			targets = (
				B33EFF0A290FF02800AD9BEE /* GroceryList */,
			);
		};
/* End PBXProject section */

/* Begin PBXResourcesBuildPhase section */
		B33EFF09290FF02800AD9BEE /* Resources */ = {
			isa = PBXResourcesBuildPhase;
			buildActionMask = 2147483647;
			files = (
				B33EFF1B290FF02900AD9BEE /* LaunchScreen.storyboard in Resources */,
				B36C75EE2911266800709721 /* Localizable.strings in Resources */,
				B37A2CF6291125CA003C01AD /* SF Pro Display Medium.otf in Resources */,
				B36AF9472913E94100944E9D /* SF Pro Display Regular.otf in Resources */,
				B37A2CF429111C41003C01AD /* SF Pro Display Heavy.otf in Resources */,
				B33EFF18290FF02900AD9BEE /* Assets.xcassets in Resources */,
				B36AF93D2913CEE900944E9D /* SF Pro Display Bold.otf in Resources */,
				B3C3FA4929115F510011EC0A /* SF Pro Display Semibold.otf in Resources */,
			);
			runOnlyForDeploymentPostprocessing = 0;
		};
/* End PBXResourcesBuildPhase section */

/* Begin PBXShellScriptBuildPhase section */
		33F25A9A0204D8D97E00524C /* [CP] Check Pods Manifest.lock */ = {
			isa = PBXShellScriptBuildPhase;
			buildActionMask = 2147483647;
			files = (
			);
			inputFileListPaths = (
			);
			inputPaths = (
				"${PODS_PODFILE_DIR_PATH}/Podfile.lock",
				"${PODS_ROOT}/Manifest.lock",
			);
			name = "[CP] Check Pods Manifest.lock";
			outputFileListPaths = (
			);
			outputPaths = (
				"$(DERIVED_FILE_DIR)/Pods-GroceryList-checkManifestLockResult.txt",
			);
			runOnlyForDeploymentPostprocessing = 0;
			shellPath = /bin/sh;
			shellScript = "diff \"${PODS_PODFILE_DIR_PATH}/Podfile.lock\" \"${PODS_ROOT}/Manifest.lock\" > /dev/null\nif [ $? != 0 ] ; then\n    # print error to STDERR\n    echo \"error: The sandbox is not in sync with the Podfile.lock. Run 'pod install' or update your CocoaPods installation.\" >&2\n    exit 1\nfi\n# This output is used by Xcode 'outputs' to avoid re-running this script phase.\necho \"SUCCESS\" > \"${SCRIPT_OUTPUT_FILE_0}\"\n";
			showEnvVarsInLog = 0;
		};
		B37A2CF12911062C003C01AD /* ShellScript */ = {
			isa = PBXShellScriptBuildPhase;
			buildActionMask = 2147483647;
			files = (
			);
			inputFileListPaths = (
			);
			inputPaths = (
			);
			outputFileListPaths = (
			);
			outputPaths = (
			);
			runOnlyForDeploymentPostprocessing = 0;
			shellPath = /bin/sh;
			shellScript = "\nif which \"${PODS_ROOT}/SwiftLint/swiftlint\" >/dev/null; then \n    ${PODS_ROOT}/SwiftLint/swiftlint\nelif which swiftlint >/dev/null; then\n    swiftlint\nelse\n  echo \"warning: SwiftLint not installed, download from https://github.com/realm/SwiftLint\"\nfi\n";
		};
		D16B002746908D53B9512E9C /* [CP] Embed Pods Frameworks */ = {
			isa = PBXShellScriptBuildPhase;
			buildActionMask = 2147483647;
			files = (
			);
			inputFileListPaths = (
				"${PODS_ROOT}/Target Support Files/Pods-GroceryList/Pods-GroceryList-frameworks-${CONFIGURATION}-input-files.xcfilelist",
			);
			name = "[CP] Embed Pods Frameworks";
			outputFileListPaths = (
				"${PODS_ROOT}/Target Support Files/Pods-GroceryList/Pods-GroceryList-frameworks-${CONFIGURATION}-output-files.xcfilelist",
			);
			runOnlyForDeploymentPostprocessing = 0;
			shellPath = /bin/sh;
			shellScript = "\"${PODS_ROOT}/Target Support Files/Pods-GroceryList/Pods-GroceryList-frameworks.sh\"\n";
			showEnvVarsInLog = 0;
		};
/* End PBXShellScriptBuildPhase section */

/* Begin PBXSourcesBuildPhase section */
		B33EFF07290FF02800AD9BEE /* Sources */ = {
			isa = PBXSourcesBuildPhase;
			buildActionMask = 2147483647;
			files = (
				B3C3FA4729115AA20011EC0A /* OnboardingContentView.swift in Sources */,
				B36AF93F2913D1AE00944E9D /* SegmentControlExtension.swift in Sources */,
				B3C3FA51291261870011EC0A /* UIScreenExtension.swift in Sources */,
				B36AF9452913DEC700944E9D /* GroceryListsCollectionViewCell.swift in Sources */,
				B37A2CEA2911034D003C01AD /* UIViewExtension.swift in Sources */,
				B36AF95C2915556700944E9D /* GroseryListModels.swift in Sources */,
				B3C3FA4B291161D80011EC0A /* FirstOnboardingView.swift in Sources */,
				B36AF9552915410400944E9D /* InstructionCell.swift in Sources */,
				B37A2CEC2911034D003C01AD /* DateExtension.swift in Sources */,
				B36AF94F2914DB5E00944E9D /* ColorManager.swift in Sources */,
				B37A2CDA2910EE93003C01AD /* RootRouter.swift in Sources */,
				B33DFD25291A678800AC7403 /* DBGroceryListModel+CoreDataProperties.swift in Sources */,
				B36D18EB291A2CCD005EE32D /* CoreDataStorage.swift in Sources */,
				B36AF94D2913FAD000944E9D /* GroceryCollectionViewHeader.swift in Sources */,
				B37A2CE82911034D003C01AD /* UITextFieldExtension.swift in Sources */,
				B36AF94A2913FA8000944E9D /* IntrinsicCollectionView.swift in Sources */,
				B36AF93B2913C66000944E9D /* MainScreenViewModel.swift in Sources */,
				B37A2CE92911034D003C01AD /* UIViewControllerExtension.swift in Sources */,
				B33DFD26291A678800AC7403 /* DBGroceryListModel+CoreDataClass.swift in Sources */,
				B37A2CE72911034D003C01AD /* UIColorExtension.swift in Sources */,
				B36AF9532915403600944E9D /* EmptyColoredCell.swift in Sources */,
				B33DFD24291A678800AC7403 /* DBSupplay+CoreDataProperties.swift in Sources */,
				B37A2CDF29110290003C01AD /* OnboardingViewController.swift in Sources */,
				B36AF9412913D37300944E9D /* CustomSegmentControl.swift in Sources */,
				B37A2CDB2910EE93003C01AD /* ViewControllerFactory.swift in Sources */,
				B33EFF0F290FF02800AD9BEE /* AppDelegate.swift in Sources */,
				B36AF9432913D39400944E9D /* UIImageExtension.swift in Sources */,
				B36D18ED291A2CF4005EE32D /* CoreDataManager.swift in Sources */,
				B37A2CD92910EE93003C01AD /* NavigationInterface.swift in Sources */,
				B37A2CEB2911034D003C01AD /* StringExtension.swift in Sources */,
				B33EFF11290FF02800AD9BEE /* SceneDelegate.swift in Sources */,
				B3C3FA4F291175390011EC0A /* UIImageViewExtension.swift in Sources */,
				B37A2CEE29110435003C01AD /* UIFontExtension.swift in Sources */,
				B36AF9392913C5DC00944E9D /* MainScreenViewController.swift in Sources */,
				B36D18D9291A1960005EE32D /* DataBase.xcdatamodeld in Sources */,
				B33DFD23291A678800AC7403 /* DBSupplay+CoreDataClass.swift in Sources */,
				B36AF957291554EC00944E9D /* ColdStartDataSource.swift in Sources */,
			);
			runOnlyForDeploymentPostprocessing = 0;
		};
/* End PBXSourcesBuildPhase section */

/* Begin PBXVariantGroup section */
		B33EFF19290FF02900AD9BEE /* LaunchScreen.storyboard */ = {
			isa = PBXVariantGroup;
			children = (
				B33EFF1A290FF02900AD9BEE /* Base */,
			);
			name = LaunchScreen.storyboard;
			sourceTree = "<group>";
		};
		B36C75F02911266800709721 /* Localizable.strings */ = {
			isa = PBXVariantGroup;
			children = (
				B36C75EF2911266800709721 /* en */,
				B36C75F12911267600709721 /* ru */,
			);
			name = Localizable.strings;
			sourceTree = "<group>";
		};
/* End PBXVariantGroup section */

/* Begin XCBuildConfiguration section */
		B33EFF1D290FF02900AD9BEE /* Debug */ = {
			isa = XCBuildConfiguration;
			buildSettings = {
				ALWAYS_SEARCH_USER_PATHS = NO;
				CLANG_ANALYZER_LOCALIZABILITY_NONLOCALIZED = YES;
				CLANG_ANALYZER_NONNULL = YES;
				CLANG_ANALYZER_NUMBER_OBJECT_CONVERSION = YES_AGGRESSIVE;
				CLANG_CXX_LANGUAGE_STANDARD = "gnu++17";
				CLANG_CXX_LIBRARY = "libc++";
				CLANG_ENABLE_MODULES = YES;
				CLANG_ENABLE_OBJC_ARC = YES;
				CLANG_ENABLE_OBJC_WEAK = YES;
				CLANG_WARN_BLOCK_CAPTURE_AUTORELEASING = YES;
				CLANG_WARN_BOOL_CONVERSION = YES;
				CLANG_WARN_COMMA = YES;
				CLANG_WARN_CONSTANT_CONVERSION = YES;
				CLANG_WARN_DEPRECATED_OBJC_IMPLEMENTATIONS = YES;
				CLANG_WARN_DIRECT_OBJC_ISA_USAGE = YES_ERROR;
				CLANG_WARN_DOCUMENTATION_COMMENTS = YES;
				CLANG_WARN_EMPTY_BODY = YES;
				CLANG_WARN_ENUM_CONVERSION = YES;
				CLANG_WARN_INFINITE_RECURSION = YES;
				CLANG_WARN_INT_CONVERSION = YES;
				CLANG_WARN_NON_LITERAL_NULL_CONVERSION = YES;
				CLANG_WARN_OBJC_IMPLICIT_RETAIN_SELF = YES;
				CLANG_WARN_OBJC_LITERAL_CONVERSION = YES;
				CLANG_WARN_OBJC_ROOT_CLASS = YES_ERROR;
				CLANG_WARN_QUOTED_INCLUDE_IN_FRAMEWORK_HEADER = YES;
				CLANG_WARN_RANGE_LOOP_ANALYSIS = YES;
				CLANG_WARN_STRICT_PROTOTYPES = YES;
				CLANG_WARN_SUSPICIOUS_MOVE = YES;
				CLANG_WARN_UNGUARDED_AVAILABILITY = YES_AGGRESSIVE;
				CLANG_WARN_UNREACHABLE_CODE = YES;
				CLANG_WARN__DUPLICATE_METHOD_MATCH = YES;
				COPY_PHASE_STRIP = NO;
				DEBUG_INFORMATION_FORMAT = dwarf;
				ENABLE_STRICT_OBJC_MSGSEND = YES;
				ENABLE_TESTABILITY = YES;
				GCC_C_LANGUAGE_STANDARD = gnu11;
				GCC_DYNAMIC_NO_PIC = NO;
				GCC_NO_COMMON_BLOCKS = YES;
				GCC_OPTIMIZATION_LEVEL = 0;
				GCC_PREPROCESSOR_DEFINITIONS = (
					"DEBUG=1",
					"$(inherited)",
				);
				GCC_WARN_64_TO_32_BIT_CONVERSION = YES;
				GCC_WARN_ABOUT_RETURN_TYPE = YES_ERROR;
				GCC_WARN_UNDECLARED_SELECTOR = YES;
				GCC_WARN_UNINITIALIZED_AUTOS = YES_AGGRESSIVE;
				GCC_WARN_UNUSED_FUNCTION = YES;
				GCC_WARN_UNUSED_VARIABLE = YES;
				IPHONEOS_DEPLOYMENT_TARGET = 15.2;
				MTL_ENABLE_DEBUG_INFO = INCLUDE_SOURCE;
				MTL_FAST_MATH = YES;
				ONLY_ACTIVE_ARCH = YES;
				SDKROOT = iphoneos;
				SWIFT_ACTIVE_COMPILATION_CONDITIONS = DEBUG;
				SWIFT_OPTIMIZATION_LEVEL = "-Onone";
			};
			name = Debug;
		};
		B33EFF1E290FF02900AD9BEE /* Release */ = {
			isa = XCBuildConfiguration;
			buildSettings = {
				ALWAYS_SEARCH_USER_PATHS = NO;
				CLANG_ANALYZER_LOCALIZABILITY_NONLOCALIZED = YES;
				CLANG_ANALYZER_NONNULL = YES;
				CLANG_ANALYZER_NUMBER_OBJECT_CONVERSION = YES_AGGRESSIVE;
				CLANG_CXX_LANGUAGE_STANDARD = "gnu++17";
				CLANG_CXX_LIBRARY = "libc++";
				CLANG_ENABLE_MODULES = YES;
				CLANG_ENABLE_OBJC_ARC = YES;
				CLANG_ENABLE_OBJC_WEAK = YES;
				CLANG_WARN_BLOCK_CAPTURE_AUTORELEASING = YES;
				CLANG_WARN_BOOL_CONVERSION = YES;
				CLANG_WARN_COMMA = YES;
				CLANG_WARN_CONSTANT_CONVERSION = YES;
				CLANG_WARN_DEPRECATED_OBJC_IMPLEMENTATIONS = YES;
				CLANG_WARN_DIRECT_OBJC_ISA_USAGE = YES_ERROR;
				CLANG_WARN_DOCUMENTATION_COMMENTS = YES;
				CLANG_WARN_EMPTY_BODY = YES;
				CLANG_WARN_ENUM_CONVERSION = YES;
				CLANG_WARN_INFINITE_RECURSION = YES;
				CLANG_WARN_INT_CONVERSION = YES;
				CLANG_WARN_NON_LITERAL_NULL_CONVERSION = YES;
				CLANG_WARN_OBJC_IMPLICIT_RETAIN_SELF = YES;
				CLANG_WARN_OBJC_LITERAL_CONVERSION = YES;
				CLANG_WARN_OBJC_ROOT_CLASS = YES_ERROR;
				CLANG_WARN_QUOTED_INCLUDE_IN_FRAMEWORK_HEADER = YES;
				CLANG_WARN_RANGE_LOOP_ANALYSIS = YES;
				CLANG_WARN_STRICT_PROTOTYPES = YES;
				CLANG_WARN_SUSPICIOUS_MOVE = YES;
				CLANG_WARN_UNGUARDED_AVAILABILITY = YES_AGGRESSIVE;
				CLANG_WARN_UNREACHABLE_CODE = YES;
				CLANG_WARN__DUPLICATE_METHOD_MATCH = YES;
				COPY_PHASE_STRIP = NO;
				DEBUG_INFORMATION_FORMAT = "dwarf-with-dsym";
				ENABLE_NS_ASSERTIONS = NO;
				ENABLE_STRICT_OBJC_MSGSEND = YES;
				GCC_C_LANGUAGE_STANDARD = gnu11;
				GCC_NO_COMMON_BLOCKS = YES;
				GCC_WARN_64_TO_32_BIT_CONVERSION = YES;
				GCC_WARN_ABOUT_RETURN_TYPE = YES_ERROR;
				GCC_WARN_UNDECLARED_SELECTOR = YES;
				GCC_WARN_UNINITIALIZED_AUTOS = YES_AGGRESSIVE;
				GCC_WARN_UNUSED_FUNCTION = YES;
				GCC_WARN_UNUSED_VARIABLE = YES;
				IPHONEOS_DEPLOYMENT_TARGET = 15.2;
				MTL_ENABLE_DEBUG_INFO = NO;
				MTL_FAST_MATH = YES;
				SDKROOT = iphoneos;
				SWIFT_COMPILATION_MODE = wholemodule;
				SWIFT_OPTIMIZATION_LEVEL = "-O";
				VALIDATE_PRODUCT = YES;
			};
			name = Release;
		};
		B33EFF20290FF02900AD9BEE /* Debug */ = {
			isa = XCBuildConfiguration;
			baseConfigurationReference = BA1E0A38753E53B699F8E323 /* Pods-GroceryList.debug.xcconfig */;
			buildSettings = {
				ASSETCATALOG_COMPILER_APPICON_NAME = AppIcon;
				ASSETCATALOG_COMPILER_GLOBAL_ACCENT_COLOR_NAME = AccentColor;
				CODE_SIGN_STYLE = Automatic;
				CURRENT_PROJECT_VERSION = 1;
				DEVELOPMENT_TEAM = 4PHXKWB7YH;
				GENERATE_INFOPLIST_FILE = YES;
				INFOPLIST_FILE = GroceryList/SupportingFiles/Info.plist;
				INFOPLIST_KEY_UIApplicationSupportsIndirectInputEvents = YES;
				INFOPLIST_KEY_UILaunchStoryboardName = LaunchScreen;
				INFOPLIST_KEY_UISupportedInterfaceOrientations_iPad = "UIInterfaceOrientationPortrait UIInterfaceOrientationPortraitUpsideDown UIInterfaceOrientationLandscapeLeft UIInterfaceOrientationLandscapeRight";
				INFOPLIST_KEY_UISupportedInterfaceOrientations_iPhone = "UIInterfaceOrientationPortrait UIInterfaceOrientationLandscapeLeft UIInterfaceOrientationLandscapeRight";
				IPHONEOS_DEPLOYMENT_TARGET = 13.0;
				LD_RUNPATH_SEARCH_PATHS = (
					"$(inherited)",
					"@executable_path/Frameworks",
				);
				MARKETING_VERSION = 1.0;
				PRODUCT_BUNDLE_IDENTIFIER = com.shamaich.GroceryList;
				PRODUCT_NAME = "$(TARGET_NAME)";
				SWIFT_EMIT_LOC_STRINGS = YES;
				SWIFT_VERSION = 5.0;
				TARGETED_DEVICE_FAMILY = 1;
			};
			name = Debug;
		};
		B33EFF21290FF02900AD9BEE /* Release */ = {
			isa = XCBuildConfiguration;
			baseConfigurationReference = 262EB22BC930A385DC81E51C /* Pods-GroceryList.release.xcconfig */;
			buildSettings = {
				ASSETCATALOG_COMPILER_APPICON_NAME = AppIcon;
				ASSETCATALOG_COMPILER_GLOBAL_ACCENT_COLOR_NAME = AccentColor;
				CODE_SIGN_STYLE = Automatic;
				CURRENT_PROJECT_VERSION = 1;
				DEVELOPMENT_TEAM = 4PHXKWB7YH;
				GENERATE_INFOPLIST_FILE = YES;
				INFOPLIST_FILE = GroceryList/SupportingFiles/Info.plist;
				INFOPLIST_KEY_UIApplicationSupportsIndirectInputEvents = YES;
				INFOPLIST_KEY_UILaunchStoryboardName = LaunchScreen;
				INFOPLIST_KEY_UISupportedInterfaceOrientations_iPad = "UIInterfaceOrientationPortrait UIInterfaceOrientationPortraitUpsideDown UIInterfaceOrientationLandscapeLeft UIInterfaceOrientationLandscapeRight";
				INFOPLIST_KEY_UISupportedInterfaceOrientations_iPhone = "UIInterfaceOrientationPortrait UIInterfaceOrientationLandscapeLeft UIInterfaceOrientationLandscapeRight";
				IPHONEOS_DEPLOYMENT_TARGET = 13.0;
				LD_RUNPATH_SEARCH_PATHS = (
					"$(inherited)",
					"@executable_path/Frameworks",
				);
				MARKETING_VERSION = 1.0;
				PRODUCT_BUNDLE_IDENTIFIER = com.shamaich.GroceryList;
				PRODUCT_NAME = "$(TARGET_NAME)";
				SWIFT_EMIT_LOC_STRINGS = YES;
				SWIFT_VERSION = 5.0;
				TARGETED_DEVICE_FAMILY = 1;
			};
			name = Release;
		};
/* End XCBuildConfiguration section */

/* Begin XCConfigurationList section */
		B33EFF06290FF02800AD9BEE /* Build configuration list for PBXProject "GroceryList" */ = {
			isa = XCConfigurationList;
			buildConfigurations = (
				B33EFF1D290FF02900AD9BEE /* Debug */,
				B33EFF1E290FF02900AD9BEE /* Release */,
			);
			defaultConfigurationIsVisible = 0;
			defaultConfigurationName = Release;
		};
		B33EFF1F290FF02900AD9BEE /* Build configuration list for PBXNativeTarget "GroceryList" */ = {
			isa = XCConfigurationList;
			buildConfigurations = (
				B33EFF20290FF02900AD9BEE /* Debug */,
				B33EFF21290FF02900AD9BEE /* Release */,
			);
			defaultConfigurationIsVisible = 0;
			defaultConfigurationName = Release;
		};
/* End XCConfigurationList section */

/* Begin XCVersionGroup section */
		B36D18D7291A1960005EE32D /* DataBase.xcdatamodeld */ = {
			isa = XCVersionGroup;
			children = (
				B36D18D8291A1960005EE32D /* DataBase.xcdatamodel */,
			);
			currentVersion = B36D18D8291A1960005EE32D /* DataBase.xcdatamodel */;
			path = DataBase.xcdatamodeld;
			sourceTree = "<group>";
			versionGroupType = wrapper.xcdatamodel;
		};
/* End XCVersionGroup section */
	};
	rootObject = B33EFF03290FF02800AD9BEE /* Project object */;
}
